
Microsoft Visual Studio Solution File, Format Version 12.00
# Visual Studio Version 16
VisualStudioVersion = 16.0.31515.178
MinimumVisualStudioVersion = 10.0.40219.1
Project("{8BC9CEB8-8B4A-11D0-8D11-00A0C91BC942}") = "Team", "Team.vcxproj", "{CC6D97A7-97DA-4690-8AD0-1AEE375C5ABF}"
EndProject
Global
	GlobalSection(SolutionConfigurationPlatforms) = preSolution
		Debug|x64 = Debug|x64
		Debug|x86 = Debug|x86
		Release|x64 = Release|x64
		Release|x86 = Release|x86
	EndGlobalSection
	GlobalSection(ProjectConfigurationPlatforms) = postSolution
		{CC6D97A7-97DA-4690-8AD0-1AEE375C5ABF}.Debug|x64.ActiveCfg = Debug|x64
		{CC6D97A7-97DA-4690-8AD0-1AEE375C5ABF}.Debug|x64.Build.0 = Debug|x64
		{CC6D97A7-97DA-4690-8AD0-1AEE375C5ABF}.Debug|x86.ActiveCfg = Debug|Win32
		{CC6D97A7-97DA-4690-8AD0-1AEE375C5ABF}.Debug|x86.Build.0 = Debug|Win32
		{CC6D97A7-97DA-4690-8AD0-1AEE375C5ABF}.Release|x64.ActiveCfg = Release|x64
		{CC6D97A7-97DA-4690-8AD0-1AEE375C5ABF}.Release|x64.Build.0 = Release|x64
		{CC6D97A7-97DA-4690-8AD0-1AEE375C5ABF}.Release|x86.ActiveCfg = Release|Win32
		{CC6D97A7-97DA-4690-8AD0-1AEE375C5ABF}.Release|x86.Build.0 = Release|Win32
	EndGlobalSection
	GlobalSection(SolutionProperties) = preSolution
		HideSolutionNode = FALSE
	EndGlobalSection
	GlobalSection(ExtensibilityGlobals) = postSolution
		SolutionGuid = {92CA354C-084C-45B0-B41B-6D39B236DFEA}
	EndGlobalSection
EndGlobal
